// !$*UTF8*$!
{
	archiveVersion = 1;
	classes = {
	};
	objectVersion = 54;
	objects = {

/* Begin PBXBuildFile section */
		0C80B921A6F3F58F76C31292 /* libPods-FranchiseOS.a in Frameworks */ = {isa = PBXBuildFile; fileRef = 5DCACB8F33CDC322A6C60F78 /* libPods-FranchiseOS.a */; };
		13B07FBF1A68108700A75B9A /* Images.xcassets in Resources */ = {isa = PBXBuildFile; fileRef = 13B07FB51A68108700A75B9A /* Images.xcassets */; };
		761780ED2CA45674006654EE /* AppDelegate.swift in Sources */ = {isa = PBXBuildFile; fileRef = 761780EC2CA45674006654EE /* AppDelegate.swift */; };
		81AB9BB82411601600AC10FF /* LaunchScreen.storyboard in Resources */ = {isa = PBXBuildFile; fileRef = 81AB9BB72411601600AC10FF /* LaunchScreen.storyboard */; };
		B0A3FCDDE82546C7930A2AE4 /* PoppinsBlack.ttf in Resources */ = {isa = PBXBuildFile; fileRef = DAF90D8DB7BF4E81877921DF /* PoppinsBlack.ttf */; };
		F7585795D300492D980CC1B8 /* PoppinsBlackItalic.ttf in Resources */ = {isa = PBXBuildFile; fileRef = 58AA38127B1B4BBF8B61756B /* PoppinsBlackItalic.ttf */; };
		53C41A969B844D1A96BDAA93 /* PoppinsBold.ttf in Resources */ = {isa = PBXBuildFile; fileRef = 28D6B844DCAE4550A44D66C7 /* PoppinsBold.ttf */; };
		3E4A86F2DAA84261AF7EBB2F /* PoppinsBoldItalic.ttf in Resources */ = {isa = PBXBuildFile; fileRef = CD813414040D41418D4D9F7C /* PoppinsBoldItalic.ttf */; };
		6C47BD5956954FE48A4164C4 /* PoppinsExtraBold.ttf in Resources */ = {isa = PBXBuildFile; fileRef = 775FB14B71814CA4A11A3801 /* PoppinsExtraBold.ttf */; };
		17E9B5F4DE044F658D50AF9A /* PoppinsExtraBoldItalic.ttf in Resources */ = {isa = PBXBuildFile; fileRef = AB168FC8E91E440DA2ED81DB /* PoppinsExtraBoldItalic.ttf */; };
		B1C78250CD3B402A9062EE9B /* PoppinsExtraLight.ttf in Resources */ = {isa = PBXBuildFile; fileRef = 739552E4000F45A292D60F45 /* PoppinsExtraLight.ttf */; };
		D42E571B01B34D038AC1C08B /* PoppinsExtraLightItalic.ttf in Resources */ = {isa = PBXBuildFile; fileRef = 7CBC0741B91645B5A496B5DA /* PoppinsExtraLightItalic.ttf */; };
		022E5C6C982A4C14BA54EE41 /* PoppinsItalic.ttf in Resources */ = {isa = PBXBuildFile; fileRef = 4A3AF69D302442F0AFA8E17A /* PoppinsItalic.ttf */; };
		2857F1F7C9BD4722BB052B63 /* PoppinsLight.ttf in Resources */ = {isa = PBXBuildFile; fileRef = 07E1475896FE4374837C45B9 /* PoppinsLight.ttf */; };
		C0C85B3B3285405AA89198B4 /* PoppinsLightItalic.ttf in Resources */ = {isa = PBXBuildFile; fileRef = 882F39E22CD649ACA356C3B0 /* PoppinsLightItalic.ttf */; };
		2607C78ADAA444C4BA2CA4DC /* PoppinsMedium.ttf in Resources */ = {isa = PBXBuildFile; fileRef = 3D844A68D09C432D91AC5FFA /* PoppinsMedium.ttf */; };
		F2AA4912CAEE4D06AB80DD03 /* PoppinsMediumItalic.ttf in Resources */ = {isa = PBXBuildFile; fileRef = 9A3D815BC6DA4769A53CB707 /* PoppinsMediumItalic.ttf */; };
		8F7AE3E290F340F6ABC78B4C /* PoppinsRegular.ttf in Resources */ = {isa = PBXBuildFile; fileRef = C84508576CDA4D2D924C0BBA /* PoppinsRegular.ttf */; };
		17054A779D8646C4A5E824D0 /* PoppinsSemiBold.ttf in Resources */ = {isa = PBXBuildFile; fileRef = 5D9DD77EDFA64FF6B8A9A03B /* PoppinsSemiBold.ttf */; };
		49C4C1D57C2C422A8EAF77EB /* PoppinsSemiBoldItalic.ttf in Resources */ = {isa = PBXBuildFile; fileRef = 234B9D78441E4366A8C036C5 /* PoppinsSemiBoldItalic.ttf */; };
		43E5144700144BC1858A6A55 /* PoppinsThin.ttf in Resources */ = {isa = PBXBuildFile; fileRef = FB2CA397E95248FBBF284A17 /* PoppinsThin.ttf */; };
		BB0A1D283D4740A6B26E534C /* PoppinsThinItalic.ttf in Resources */ = {isa = PBXBuildFile; fileRef = CDE96305124F4C4ABD523727 /* PoppinsThinItalic.ttf */; };
/* End PBXBuildFile section */

/* Begin PBXFileReference section */
		13B07F961A680F5B00A75B9A /* FranchiseOS.app */ = {isa = PBXFileReference; explicitFileType = wrapper.application; includeInIndex = 0; path = FranchiseOS.app; sourceTree = BUILT_PRODUCTS_DIR; };
		13B07FB51A68108700A75B9A /* Images.xcassets */ = {isa = PBXFileReference; lastKnownFileType = folder.assetcatalog; name = Images.xcassets; path = FranchiseOS/Images.xcassets; sourceTree = "<group>"; };
		13B07FB61A68108700A75B9A /* Info.plist */ = {isa = PBXFileReference; fileEncoding = 4; lastKnownFileType = text.plist.xml; name = Info.plist; path = FranchiseOS/Info.plist; sourceTree = "<group>"; };
		13B07FB81A68108700A75B9A /* PrivacyInfo.xcprivacy */ = {isa = PBXFileReference; fileEncoding = 4; lastKnownFileType = text.plist.xml; name = PrivacyInfo.xcprivacy; path = FranchiseOS/PrivacyInfo.xcprivacy; sourceTree = "<group>"; };
		3B4392A12AC88292D35C810B /* Pods-FranchiseOS.debug.xcconfig */ = {isa = PBXFileReference; includeInIndex = 1; lastKnownFileType = text.xcconfig; name = "Pods-FranchiseOS.debug.xcconfig"; path = "Target Support Files/Pods-FranchiseOS/Pods-FranchiseOS.debug.xcconfig"; sourceTree = "<group>"; };
		5709B34CF0A7D63546082F79 /* Pods-FranchiseOS.release.xcconfig */ = {isa = PBXFileReference; includeInIndex = 1; lastKnownFileType = text.xcconfig; name = "Pods-FranchiseOS.release.xcconfig"; path = "Target Support Files/Pods-FranchiseOS/Pods-FranchiseOS.release.xcconfig"; sourceTree = "<group>"; };
		5DCACB8F33CDC322A6C60F78 /* libPods-FranchiseOS.a */ = {isa = PBXFileReference; explicitFileType = archive.ar; includeInIndex = 0; path = "libPods-FranchiseOS.a"; sourceTree = BUILT_PRODUCTS_DIR; };
		761780EC2CA45674006654EE /* AppDelegate.swift */ = {isa = PBXFileReference; lastKnownFileType = sourcecode.swift; name = AppDelegate.swift; path = FranchiseOS/AppDelegate.swift; sourceTree = "<group>"; };
		81AB9BB72411601600AC10FF /* LaunchScreen.storyboard */ = {isa = PBXFileReference; fileEncoding = 4; lastKnownFileType = file.storyboard; name = LaunchScreen.storyboard; path = FranchiseOS/LaunchScreen.storyboard; sourceTree = "<group>"; };
		ED297162215061F000B7C4FE /* JavaScriptCore.framework */ = {isa = PBXFileReference; lastKnownFileType = wrapper.framework; name = JavaScriptCore.framework; path = System/Library/Frameworks/JavaScriptCore.framework; sourceTree = SDKROOT; };
		DAF90D8DB7BF4E81877921DF /* PoppinsBlack.ttf */ = {isa = PBXFileReference; name = "PoppinsBlack.ttf"; path = "../src/assets/fonts/PoppinsBlack.ttf"; sourceTree = "<group>"; fileEncoding = undefined; lastKnownFileType = unknown; explicitFileType = undefined; includeInIndex = 0; };
		58AA38127B1B4BBF8B61756B /* PoppinsBlackItalic.ttf */ = {isa = PBXFileReference; name = "PoppinsBlackItalic.ttf"; path = "../src/assets/fonts/PoppinsBlackItalic.ttf"; sourceTree = "<group>"; fileEncoding = undefined; lastKnownFileType = unknown; explicitFileType = undefined; includeInIndex = 0; };
		28D6B844DCAE4550A44D66C7 /* PoppinsBold.ttf */ = {isa = PBXFileReference; name = "PoppinsBold.ttf"; path = "../src/assets/fonts/PoppinsBold.ttf"; sourceTree = "<group>"; fileEncoding = undefined; lastKnownFileType = unknown; explicitFileType = undefined; includeInIndex = 0; };
		CD813414040D41418D4D9F7C /* PoppinsBoldItalic.ttf */ = {isa = PBXFileReference; name = "PoppinsBoldItalic.ttf"; path = "../src/assets/fonts/PoppinsBoldItalic.ttf"; sourceTree = "<group>"; fileEncoding = undefined; lastKnownFileType = unknown; explicitFileType = undefined; includeInIndex = 0; };
		775FB14B71814CA4A11A3801 /* PoppinsExtraBold.ttf */ = {isa = PBXFileReference; name = "PoppinsExtraBold.ttf"; path = "../src/assets/fonts/PoppinsExtraBold.ttf"; sourceTree = "<group>"; fileEncoding = undefined; lastKnownFileType = unknown; explicitFileType = undefined; includeInIndex = 0; };
		AB168FC8E91E440DA2ED81DB /* PoppinsExtraBoldItalic.ttf */ = {isa = PBXFileReference; name = "PoppinsExtraBoldItalic.ttf"; path = "../src/assets/fonts/PoppinsExtraBoldItalic.ttf"; sourceTree = "<group>"; fileEncoding = undefined; lastKnownFileType = unknown; explicitFileType = undefined; includeInIndex = 0; };
		739552E4000F45A292D60F45 /* PoppinsExtraLight.ttf */ = {isa = PBXFileReference; name = "PoppinsExtraLight.ttf"; path = "../src/assets/fonts/PoppinsExtraLight.ttf"; sourceTree = "<group>"; fileEncoding = undefined; lastKnownFileType = unknown; explicitFileType = undefined; includeInIndex = 0; };
		7CBC0741B91645B5A496B5DA /* PoppinsExtraLightItalic.ttf */ = {isa = PBXFileReference; name = "PoppinsExtraLightItalic.ttf"; path = "../src/assets/fonts/PoppinsExtraLightItalic.ttf"; sourceTree = "<group>"; fileEncoding = undefined; lastKnownFileType = unknown; explicitFileType = undefined; includeInIndex = 0; };
		4A3AF69D302442F0AFA8E17A /* PoppinsItalic.ttf */ = {isa = PBXFileReference; name = "PoppinsItalic.ttf"; path = "../src/assets/fonts/PoppinsItalic.ttf"; sourceTree = "<group>"; fileEncoding = undefined; lastKnownFileType = unknown; explicitFileType = undefined; includeInIndex = 0; };
		07E1475896FE4374837C45B9 /* PoppinsLight.ttf */ = {isa = PBXFileReference; name = "PoppinsLight.ttf"; path = "../src/assets/fonts/PoppinsLight.ttf"; sourceTree = "<group>"; fileEncoding = undefined; lastKnownFileType = unknown; explicitFileType = undefined; includeInIndex = 0; };
		882F39E22CD649ACA356C3B0 /* PoppinsLightItalic.ttf */ = {isa = PBXFileReference; name = "PoppinsLightItalic.ttf"; path = "../src/assets/fonts/PoppinsLightItalic.ttf"; sourceTree = "<group>"; fileEncoding = undefined; lastKnownFileType = unknown; explicitFileType = undefined; includeInIndex = 0; };
		3D844A68D09C432D91AC5FFA /* PoppinsMedium.ttf */ = {isa = PBXFileReference; name = "PoppinsMedium.ttf"; path = "../src/assets/fonts/PoppinsMedium.ttf"; sourceTree = "<group>"; fileEncoding = undefined; lastKnownFileType = unknown; explicitFileType = undefined; includeInIndex = 0; };
		9A3D815BC6DA4769A53CB707 /* PoppinsMediumItalic.ttf */ = {isa = PBXFileReference; name = "PoppinsMediumItalic.ttf"; path = "../src/assets/fonts/PoppinsMediumItalic.ttf"; sourceTree = "<group>"; fileEncoding = undefined; lastKnownFileType = unknown; explicitFileType = undefined; includeInIndex = 0; };
		C84508576CDA4D2D924C0BBA /* PoppinsRegular.ttf */ = {isa = PBXFileReference; name = "PoppinsRegular.ttf"; path = "../src/assets/fonts/PoppinsRegular.ttf"; sourceTree = "<group>"; fileEncoding = undefined; lastKnownFileType = unknown; explicitFileType = undefined; includeInIndex = 0; };
		5D9DD77EDFA64FF6B8A9A03B /* PoppinsSemiBold.ttf */ = {isa = PBXFileReference; name = "PoppinsSemiBold.ttf"; path = "../src/assets/fonts/PoppinsSemiBold.ttf"; sourceTree = "<group>"; fileEncoding = undefined; lastKnownFileType = unknown; explicitFileType = undefined; includeInIndex = 0; };
		234B9D78441E4366A8C036C5 /* PoppinsSemiBoldItalic.ttf */ = {isa = PBXFileReference; name = "PoppinsSemiBoldItalic.ttf"; path = "../src/assets/fonts/PoppinsSemiBoldItalic.ttf"; sourceTree = "<group>"; fileEncoding = undefined; lastKnownFileType = unknown; explicitFileType = undefined; includeInIndex = 0; };
		FB2CA397E95248FBBF284A17 /* PoppinsThin.ttf */ = {isa = PBXFileReference; name = "PoppinsThin.ttf"; path = "../src/assets/fonts/PoppinsThin.ttf"; sourceTree = "<group>"; fileEncoding = undefined; lastKnownFileType = unknown; explicitFileType = undefined; includeInIndex = 0; };
		CDE96305124F4C4ABD523727 /* PoppinsThinItalic.ttf */ = {isa = PBXFileReference; name = "PoppinsThinItalic.ttf"; path = "../src/assets/fonts/PoppinsThinItalic.ttf"; sourceTree = "<group>"; fileEncoding = undefined; lastKnownFileType = unknown; explicitFileType = undefined; includeInIndex = 0; };
/* End PBXFileReference section */

/* Begin PBXFrameworksBuildPhase section */
		13B07F8C1A680F5B00A75B9A /* Frameworks */ = {
			isa = PBXFrameworksBuildPhase;
			buildActionMask = 2147483647;
			files = (
				0C80B921A6F3F58F76C31292 /* libPods-FranchiseOS.a in Frameworks */,
			);
			runOnlyForDeploymentPostprocessing = 0;
		};
/* End PBXFrameworksBuildPhase section */

/* Begin PBXGroup section */
		13B07FAE1A68108700A75B9A /* FranchiseOS */ = {
			isa = PBXGroup;
			children = (
				13B07FB51A68108700A75B9A /* Images.xcassets */,
				761780EC2CA45674006654EE /* AppDelegate.swift */,
				13B07FB61A68108700A75B9A /* Info.plist */,
				81AB9BB72411601600AC10FF /* LaunchScreen.storyboard */,
				13B07FB81A68108700A75B9A /* PrivacyInfo.xcprivacy */,
			);
			name = FranchiseOS;
			sourceTree = "<group>";
		};
		2D16E6871FA4F8E400B85C8A /* Frameworks */ = {
			isa = PBXGroup;
			children = (
				ED297162215061F000B7C4FE /* JavaScriptCore.framework */,
				5DCACB8F33CDC322A6C60F78 /* libPods-FranchiseOS.a */,
			);
			name = Frameworks;
			sourceTree = "<group>";
		};
		832341AE1AAA6A7D00B99B32 /* Libraries */ = {
			isa = PBXGroup;
			children = (
			);
			name = Libraries;
			sourceTree = "<group>";
		};
		83CBB9F61A601CBA00E9B192 = {
			isa = PBXGroup;
			children = (
				13B07FAE1A68108700A75B9A /* FranchiseOS */,
				832341AE1AAA6A7D00B99B32 /* Libraries */,
				83CBBA001A601CBA00E9B192 /* Products */,
				2D16E6871FA4F8E400B85C8A /* Frameworks */,
				BBD78D7AC51CEA395F1C20DB /* Pods */,
				3352C9A18C9E474A8AC00648 /* Resources */,
			);
			indentWidth = 2;
			sourceTree = "<group>";
			tabWidth = 2;
			usesTabs = 0;
		};
		83CBBA001A601CBA00E9B192 /* Products */ = {
			isa = PBXGroup;
			children = (
				13B07F961A680F5B00A75B9A /* FranchiseOS.app */,
			);
			name = Products;
			sourceTree = "<group>";
		};
		BBD78D7AC51CEA395F1C20DB /* Pods */ = {
			isa = PBXGroup;
			children = (
				3B4392A12AC88292D35C810B /* Pods-FranchiseOS.debug.xcconfig */,
				5709B34CF0A7D63546082F79 /* Pods-FranchiseOS.release.xcconfig */,
			);
			path = Pods;
			sourceTree = "<group>";
		};
		3352C9A18C9E474A8AC00648 /* Resources */ = {
			isa = "PBXGroup";
			children = (
				DAF90D8DB7BF4E81877921DF /* PoppinsBlack.ttf */,
				58AA38127B1B4BBF8B61756B /* PoppinsBlackItalic.ttf */,
				28D6B844DCAE4550A44D66C7 /* PoppinsBold.ttf */,
				CD813414040D41418D4D9F7C /* PoppinsBoldItalic.ttf */,
				775FB14B71814CA4A11A3801 /* PoppinsExtraBold.ttf */,
				AB168FC8E91E440DA2ED81DB /* PoppinsExtraBoldItalic.ttf */,
				739552E4000F45A292D60F45 /* PoppinsExtraLight.ttf */,
				7CBC0741B91645B5A496B5DA /* PoppinsExtraLightItalic.ttf */,
				4A3AF69D302442F0AFA8E17A /* PoppinsItalic.ttf */,
				07E1475896FE4374837C45B9 /* PoppinsLight.ttf */,
				882F39E22CD649ACA356C3B0 /* PoppinsLightItalic.ttf */,
				3D844A68D09C432D91AC5FFA /* PoppinsMedium.ttf */,
				9A3D815BC6DA4769A53CB707 /* PoppinsMediumItalic.ttf */,
				C84508576CDA4D2D924C0BBA /* PoppinsRegular.ttf */,
				5D9DD77EDFA64FF6B8A9A03B /* PoppinsSemiBold.ttf */,
				234B9D78441E4366A8C036C5 /* PoppinsSemiBoldItalic.ttf */,
				FB2CA397E95248FBBF284A17 /* PoppinsThin.ttf */,
				CDE96305124F4C4ABD523727 /* PoppinsThinItalic.ttf */,
			);
			name = Resources;
			sourceTree = "<group>";
			path = "";
		};
/* End PBXGroup section */

/* Begin PBXNativeTarget section */
		13B07F861A680F5B00A75B9A /* FranchiseOS */ = {
			isa = PBXNativeTarget;
			buildConfigurationList = 13B07F931A680F5B00A75B9A /* Build configuration list for PBXNativeTarget "FranchiseOS" */;
			buildPhases = (
				C38B50BA6285516D6DCD4F65 /* [CP] Check Pods Manifest.lock */,
				13B07F871A680F5B00A75B9A /* Sources */,
				13B07F8C1A680F5B00A75B9A /* Frameworks */,
				13B07F8E1A680F5B00A75B9A /* Resources */,
				00DD1BFF1BD5951E006B06BC /* Bundle React Native code and images */,
				00EEFC60759A1932668264C0 /* [CP] Embed Pods Frameworks */,
				E235C05ADACE081382539298 /* [CP] Copy Pods Resources */,
			);
			buildRules = (
			);
			dependencies = (
			);
			name = FranchiseOS;
			productName = FranchiseOS;
			productReference = 13B07F961A680F5B00A75B9A /* FranchiseOS.app */;
			productType = "com.apple.product-type.application";
		};
/* End PBXNativeTarget section */

/* Begin PBXProject section */
		83CBB9F71A601CBA00E9B192 /* Project object */ = {
			isa = PBXProject;
			attributes = {
				LastUpgradeCheck = 1210;
				TargetAttributes = {
					13B07F861A680F5B00A75B9A = {
						LastSwiftMigration = 1120;
					};
				};
			};
			buildConfigurationList = 83CBB9FA1A601CBA00E9B192 /* Build configuration list for PBXProject "FranchiseOS" */;
			compatibilityVersion = "Xcode 12.0";
			developmentRegion = en;
			hasScannedForEncodings = 0;
			knownRegions = (
				en,
				Base,
			);
			mainGroup = 83CBB9F61A601CBA00E9B192;
			productRefGroup = 83CBBA001A601CBA00E9B192 /* Products */;
			projectDirPath = "";
			projectRoot = "";
			targets = (
				13B07F861A680F5B00A75B9A /* FranchiseOS */,
			);
		};
/* End PBXProject section */

/* Begin PBXResourcesBuildPhase section */
		13B07F8E1A680F5B00A75B9A /* Resources */ = {
			isa = PBXResourcesBuildPhase;
			buildActionMask = 2147483647;
			files = (
				81AB9BB82411601600AC10FF /* LaunchScreen.storyboard in Resources */,
				13B07FBF1A68108700A75B9A /* Images.xcassets in Resources */,
				B0A3FCDDE82546C7930A2AE4 /* PoppinsBlack.ttf in Resources */,
				F7585795D300492D980CC1B8 /* PoppinsBlackItalic.ttf in Resources */,
				53C41A969B844D1A96BDAA93 /* PoppinsBold.ttf in Resources */,
				3E4A86F2DAA84261AF7EBB2F /* PoppinsBoldItalic.ttf in Resources */,
				6C47BD5956954FE48A4164C4 /* PoppinsExtraBold.ttf in Resources */,
				17E9B5F4DE044F658D50AF9A /* PoppinsExtraBoldItalic.ttf in Resources */,
				B1C78250CD3B402A9062EE9B /* PoppinsExtraLight.ttf in Resources */,
				D42E571B01B34D038AC1C08B /* PoppinsExtraLightItalic.ttf in Resources */,
				022E5C6C982A4C14BA54EE41 /* PoppinsItalic.ttf in Resources */,
				2857F1F7C9BD4722BB052B63 /* PoppinsLight.ttf in Resources */,
				C0C85B3B3285405AA89198B4 /* PoppinsLightItalic.ttf in Resources */,
				2607C78ADAA444C4BA2CA4DC /* PoppinsMedium.ttf in Resources */,
				F2AA4912CAEE4D06AB80DD03 /* PoppinsMediumItalic.ttf in Resources */,
				8F7AE3E290F340F6ABC78B4C /* PoppinsRegular.ttf in Resources */,
				17054A779D8646C4A5E824D0 /* PoppinsSemiBold.ttf in Resources */,
				49C4C1D57C2C422A8EAF77EB /* PoppinsSemiBoldItalic.ttf in Resources */,
				43E5144700144BC1858A6A55 /* PoppinsThin.ttf in Resources */,
				BB0A1D283D4740A6B26E534C /* PoppinsThinItalic.ttf in Resources */,
			);
			runOnlyForDeploymentPostprocessing = 0;
		};
/* End PBXResourcesBuildPhase section */

/* Begin PBXShellScriptBuildPhase section */
		00DD1BFF1BD5951E006B06BC /* Bundle React Native code and images */ = {
			isa = PBXShellScriptBuildPhase;
			buildActionMask = 2147483647;
			files = (
			);
			inputPaths = (
				"$(SRCROOT)/.xcode.env.local",
				"$(SRCROOT)/.xcode.env",
			);
			name = "Bundle React Native code and images";
			outputPaths = (
			);
			runOnlyForDeploymentPostprocessing = 0;
			shellPath = /bin/sh;
			shellScript = "set -e\n\nWITH_ENVIRONMENT=\"$REACT_NATIVE_PATH/scripts/xcode/with-environment.sh\"\nREACT_NATIVE_XCODE=\"$REACT_NATIVE_PATH/scripts/react-native-xcode.sh\"\n\n/bin/sh -c \"\\\"$WITH_ENVIRONMENT\\\" \\\"$REACT_NATIVE_XCODE\\\"\"\n";
		};
		00EEFC60759A1932668264C0 /* [CP] Embed Pods Frameworks */ = {
			isa = PBXShellScriptBuildPhase;
			buildActionMask = 2147483647;
			files = (
			);
			inputFileListPaths = (
				"${PODS_ROOT}/Target Support Files/Pods-FranchiseOS/Pods-FranchiseOS-frameworks-${CONFIGURATION}-input-files.xcfilelist",
			);
			name = "[CP] Embed Pods Frameworks";
			outputFileListPaths = (
				"${PODS_ROOT}/Target Support Files/Pods-FranchiseOS/Pods-FranchiseOS-frameworks-${CONFIGURATION}-output-files.xcfilelist",
			);
			runOnlyForDeploymentPostprocessing = 0;
			shellPath = /bin/sh;
			shellScript = "\"${PODS_ROOT}/Target Support Files/Pods-FranchiseOS/Pods-FranchiseOS-frameworks.sh\"\n";
			showEnvVarsInLog = 0;
		};
		C38B50BA6285516D6DCD4F65 /* [CP] Check Pods Manifest.lock */ = {
			isa = PBXShellScriptBuildPhase;
			buildActionMask = 2147483647;
			files = (
			);
			inputFileListPaths = (
			);
			inputPaths = (
				"${PODS_PODFILE_DIR_PATH}/Podfile.lock",
				"${PODS_ROOT}/Manifest.lock",
			);
			name = "[CP] Check Pods Manifest.lock";
			outputFileListPaths = (
			);
			outputPaths = (
				"$(DERIVED_FILE_DIR)/Pods-FranchiseOS-checkManifestLockResult.txt",
			);
			runOnlyForDeploymentPostprocessing = 0;
			shellPath = /bin/sh;
			shellScript = "diff \"${PODS_PODFILE_DIR_PATH}/Podfile.lock\" \"${PODS_ROOT}/Manifest.lock\" > /dev/null\nif [ $? != 0 ] ; then\n    # print error to STDERR\n    echo \"error: The sandbox is not in sync with the Podfile.lock. Run 'pod install' or update your CocoaPods installation.\" >&2\n    exit 1\nfi\n# This output is used by Xcode 'outputs' to avoid re-running this script phase.\necho \"SUCCESS\" > \"${SCRIPT_OUTPUT_FILE_0}\"\n";
			showEnvVarsInLog = 0;
		};
		E235C05ADACE081382539298 /* [CP] Copy Pods Resources */ = {
			isa = PBXShellScriptBuildPhase;
			buildActionMask = 2147483647;
			files = (
			);
			inputFileListPaths = (
				"${PODS_ROOT}/Target Support Files/Pods-FranchiseOS/Pods-FranchiseOS-resources-${CONFIGURATION}-input-files.xcfilelist",
			);
			name = "[CP] Copy Pods Resources";
			outputFileListPaths = (
				"${PODS_ROOT}/Target Support Files/Pods-FranchiseOS/Pods-FranchiseOS-resources-${CONFIGURATION}-output-files.xcfilelist",
			);
			runOnlyForDeploymentPostprocessing = 0;
			shellPath = /bin/sh;
			shellScript = "\"${PODS_ROOT}/Target Support Files/Pods-FranchiseOS/Pods-FranchiseOS-resources.sh\"\n";
			showEnvVarsInLog = 0;
		};
/* End PBXShellScriptBuildPhase section */

/* Begin PBXSourcesBuildPhase section */
		13B07F871A680F5B00A75B9A /* Sources */ = {
			isa = PBXSourcesBuildPhase;
			buildActionMask = 2147483647;
			files = (
				761780ED2CA45674006654EE /* AppDelegate.swift in Sources */,
			);
			runOnlyForDeploymentPostprocessing = 0;
		};
/* End PBXSourcesBuildPhase section */

/* Begin XCBuildConfiguration section */
		13B07F941A680F5B00A75B9A /* Debug */ = {
			isa = XCBuildConfiguration;
			baseConfigurationReference = 3B4392A12AC88292D35C810B /* Pods-FranchiseOS.debug.xcconfig */;
			buildSettings = {
				ASSETCATALOG_COMPILER_APPICON_NAME = AppIcon;
				CLANG_ENABLE_MODULES = YES;
				CURRENT_PROJECT_VERSION = 2;
				ENABLE_BITCODE = NO;
				INFOPLIST_FILE = FranchiseOS/Info.plist;
				IPHONEOS_DEPLOYMENT_TARGET = 15.1;
				LD_RUNPATH_SEARCH_PATHS = (
					"$(inherited)",
					"@executable_path/Frameworks",
				);
				MARKETING_VERSION = 1.0;
				OTHER_LDFLAGS = (
					"$(inherited)",
					"-ObjC",
					"-lc++",
				);
				PRODUCT_BUNDLE_IDENTIFIER = "com.doomshell.franchiseos";
				PRODUCT_NAME = FranchiseOS;
				SUPPORTED_PLATFORMS = "iphoneos iphonesimulator";
				SWIFT_OPTIMIZATION_LEVEL = "-Onone";
				SWIFT_VERSION = 5.0;
				TARGETED_DEVICE_FAMILY = "1,2";
				VERSIONING_SYSTEM = "apple-generic";
			};
			name = Debug;
		};
		13B07F951A680F5B00A75B9A /* Release */ = {
			isa = XCBuildConfiguration;
			baseConfigurationReference = 5709B34CF0A7D63546082F79 /* Pods-FranchiseOS.release.xcconfig */;
			buildSettings = {
				ASSETCATALOG_COMPILER_APPICON_NAME = AppIcon;
				CLANG_ENABLE_MODULES = YES;
				CURRENT_PROJECT_VERSION = 2;
				INFOPLIST_FILE = FranchiseOS/Info.plist;
				IPHONEOS_DEPLOYMENT_TARGET = 15.1;
				LD_RUNPATH_SEARCH_PATHS = (
					"$(inherited)",
					"@executable_path/Frameworks",
				);
				MARKETING_VERSION = 1.0;
				OTHER_LDFLAGS = (
					"$(inherited)",
					"-ObjC",
					"-lc++",
				);
				PRODUCT_BUNDLE_IDENTIFIER = "com.doomshell.franchiseos";
				PRODUCT_NAME = FranchiseOS;
				SUPPORTED_PLATFORMS = "iphoneos iphonesimulator";
				SWIFT_VERSION = 5.0;
				TARGETED_DEVICE_FAMILY = "1,2";
				VERSIONING_SYSTEM = "apple-generic";
			};
			name = Release;
		};
		83CBBA201A601CBA00E9B192 /* Debug */ = {
			isa = XCBuildConfiguration;
			buildSettings = {
				ALWAYS_SEARCH_USER_PATHS = NO;
				CLANG_ANALYZER_LOCALIZABILITY_NONLOCALIZED = YES;
				CLANG_CXX_LANGUAGE_STANDARD = "c++20";
				CLANG_CXX_LIBRARY = "libc++";
				CLANG_ENABLE_MODULES = YES;
				CLANG_ENABLE_OBJC_ARC = YES;
				CLANG_WARN_BLOCK_CAPTURE_AUTORELEASING = YES;
				CLANG_WARN_BOOL_CONVERSION = YES;
				CLANG_WARN_COMMA = YES;
				CLANG_WARN_CONSTANT_CONVERSION = YES;
				CLANG_WARN_DEPRECATED_OBJC_IMPLEMENTATIONS = YES;
				CLANG_WARN_DIRECT_OBJC_ISA_USAGE = YES_ERROR;
				CLANG_WARN_EMPTY_BODY = YES;
				CLANG_WARN_ENUM_CONVERSION = YES;
				CLANG_WARN_INFINITE_RECURSION = YES;
				CLANG_WARN_INT_CONVERSION = YES;
				CLANG_WARN_NON_LITERAL_NULL_CONVERSION = YES;
				CLANG_WARN_OBJC_IMPLICIT_RETAIN_SELF = YES;
				CLANG_WARN_OBJC_LITERAL_CONVERSION = YES;
				CLANG_WARN_OBJC_ROOT_CLASS = YES_ERROR;
				CLANG_WARN_QUOTED_INCLUDE_IN_FRAMEWORK_HEADER = YES;
				CLANG_WARN_RANGE_LOOP_ANALYSIS = YES;
				CLANG_WARN_STRICT_PROTOTYPES = YES;
				CLANG_WARN_SUSPICIOUS_MOVE = YES;
				CLANG_WARN_UNREACHABLE_CODE = YES;
				CLANG_WARN__DUPLICATE_METHOD_MATCH = YES;
				"CODE_SIGN_IDENTITY[sdk=iphoneos*]" = "iPhone Developer";
				COPY_PHASE_STRIP = NO;
				ENABLE_STRICT_OBJC_MSGSEND = YES;
				ENABLE_TESTABILITY = YES;
				"EXCLUDED_ARCHS[sdk=iphonesimulator*]" = "";
				GCC_C_LANGUAGE_STANDARD = gnu99;
				GCC_DYNAMIC_NO_PIC = NO;
				GCC_NO_COMMON_BLOCKS = YES;
				GCC_OPTIMIZATION_LEVEL = 0;
				GCC_PREPROCESSOR_DEFINITIONS = (
					"DEBUG=1",
					"$(inherited)",
				);
				GCC_SYMBOLS_PRIVATE_EXTERN = NO;
				GCC_WARN_64_TO_32_BIT_CONVERSION = YES;
				GCC_WARN_ABOUT_RETURN_TYPE = YES_ERROR;
				GCC_WARN_UNDECLARED_SELECTOR = YES;
				GCC_WARN_UNINITIALIZED_AUTOS = YES_AGGRESSIVE;
				GCC_WARN_UNUSED_FUNCTION = YES;
				GCC_WARN_UNUSED_VARIABLE = YES;
				IPHONEOS_DEPLOYMENT_TARGET = 15.1;
				LD_RUNPATH_SEARCH_PATHS = (
					/usr/lib/swift,
					"$(inherited)",
				);
				LIBRARY_SEARCH_PATHS = (
					"\"$(SDKROOT)/usr/lib/swift\"",
					"\"$(TOOLCHAIN_DIR)/usr/lib/swift/$(PLATFORM_NAME)\"",
					"\"$(inherited)\"",
				);
				MTL_ENABLE_DEBUG_INFO = YES;
				ONLY_ACTIVE_ARCH = YES;
				OTHER_CPLUSPLUSFLAGS = (
					"$(OTHER_CFLAGS)",
					"-DFOLLY_NO_CONFIG",
					"-DFOLLY_MOBILE=1",
					"-DFOLLY_USE_LIBCPP=1",
					"-DFOLLY_CFG_NO_COROUTINES=1",
					"-DFOLLY_HAVE_CLOCK_GETTIME=1",
				);
				SDKROOT = iphoneos;
			};
			name = Debug;
		};
		83CBBA211A601CBA00E9B192 /* Release */ = {
			isa = XCBuildConfiguration;
			buildSettings = {
				ALWAYS_SEARCH_USER_PATHS = NO;
				CLANG_ANALYZER_LOCALIZABILITY_NONLOCALIZED = YES;
				CLANG_CXX_LANGUAGE_STANDARD = "c++20";
				CLANG_CXX_LIBRARY = "libc++";
				CLANG_ENABLE_MODULES = YES;
				CLANG_ENABLE_OBJC_ARC = YES;
				CLANG_WARN_BLOCK_CAPTURE_AUTORELEASING = YES;
				CLANG_WARN_BOOL_CONVERSION = YES;
				CLANG_WARN_COMMA = YES;
				CLANG_WARN_CONSTANT_CONVERSION = YES;
				CLANG_WARN_DEPRECATED_OBJC_IMPLEMENTATIONS = YES;
				CLANG_WARN_DIRECT_OBJC_ISA_USAGE = YES_ERROR;
				CLANG_WARN_EMPTY_BODY = YES;
				CLANG_WARN_ENUM_CONVERSION = YES;
				CLANG_WARN_INFINITE_RECURSION = YES;
				CLANG_WARN_INT_CONVERSION = YES;
				CLANG_WARN_NON_LITERAL_NULL_CONVERSION = YES;
				CLANG_WARN_OBJC_IMPLICIT_RETAIN_SELF = YES;
				CLANG_WARN_OBJC_LITERAL_CONVERSION = YES;
				CLANG_WARN_OBJC_ROOT_CLASS = YES_ERROR;
				CLANG_WARN_QUOTED_INCLUDE_IN_FRAMEWORK_HEADER = YES;
				CLANG_WARN_RANGE_LOOP_ANALYSIS = YES;
				CLANG_WARN_STRICT_PROTOTYPES = YES;
				CLANG_WARN_SUSPICIOUS_MOVE = YES;
				CLANG_WARN_UNREACHABLE_CODE = YES;
				CLANG_WARN__DUPLICATE_METHOD_MATCH = YES;
				"CODE_SIGN_IDENTITY[sdk=iphoneos*]" = "iPhone Developer";
				COPY_PHASE_STRIP = YES;
				ENABLE_NS_ASSERTIONS = NO;
				ENABLE_STRICT_OBJC_MSGSEND = YES;
				"EXCLUDED_ARCHS[sdk=iphonesimulator*]" = "";
				GCC_C_LANGUAGE_STANDARD = gnu99;
				GCC_NO_COMMON_BLOCKS = YES;
				GCC_WARN_64_TO_32_BIT_CONVERSION = YES;
				GCC_WARN_ABOUT_RETURN_TYPE = YES_ERROR;
				GCC_WARN_UNDECLARED_SELECTOR = YES;
				GCC_WARN_UNINITIALIZED_AUTOS = YES_AGGRESSIVE;
				GCC_WARN_UNUSED_FUNCTION = YES;
				GCC_WARN_UNUSED_VARIABLE = YES;
				IPHONEOS_DEPLOYMENT_TARGET = 15.1;
				LD_RUNPATH_SEARCH_PATHS = (
					/usr/lib/swift,
					"$(inherited)",
				);
				LIBRARY_SEARCH_PATHS = (
					"\"$(SDKROOT)/usr/lib/swift\"",
					"\"$(TOOLCHAIN_DIR)/usr/lib/swift/$(PLATFORM_NAME)\"",
					"\"$(inherited)\"",
				);
				MTL_ENABLE_DEBUG_INFO = NO;
				OTHER_CPLUSPLUSFLAGS = (
					"$(OTHER_CFLAGS)",
					"-DFOLLY_NO_CONFIG",
					"-DFOLLY_MOBILE=1",
					"-DFOLLY_USE_LIBCPP=1",
					"-DFOLLY_CFG_NO_COROUTINES=1",
					"-DFOLLY_HAVE_CLOCK_GETTIME=1",
				);
				SDKROOT = iphoneos;
				VALIDATE_PRODUCT = YES;
			};
			name = Release;
		};
/* End XCBuildConfiguration section */

/* Begin XCConfigurationList section */
		13B07F931A680F5B00A75B9A /* Build configuration list for PBXNativeTarget "FranchiseOS" */ = {
			isa = XCConfigurationList;
			buildConfigurations = (
				13B07F941A680F5B00A75B9A /* Debug */,
				13B07F951A680F5B00A75B9A /* Release */,
			);
			defaultConfigurationIsVisible = 0;
			defaultConfigurationName = Release;
		};
		83CBB9FA1A601CBA00E9B192 /* Build configuration list for PBXProject "FranchiseOS" */ = {
			isa = XCConfigurationList;
			buildConfigurations = (
				83CBBA201A601CBA00E9B192 /* Debug */,
				83CBBA211A601CBA00E9B192 /* Release */,
			);
			defaultConfigurationIsVisible = 0;
			defaultConfigurationName = Release;
		};
/* End XCConfigurationList section */
	};
	rootObject = 83CBB9F71A601CBA00E9B192 /* Project object */;
}

